
Microsoft Visual Studio Solution File, Format Version 12.00
# Visual Studio Version 16
VisualStudioVersion = 16.0.31205.176
MinimumVisualStudioVersion = 10.0.40219.1
Project("{FAE04EC0-301F-11D3-BF4B-00C04F79EFBC}") = "aspnetcore-mongo", "aspnetcore-mongo\aspnetcore-mongo.csproj", "{66FD8EB9-E7D8-4309-9406-A379748E11C9}"
EndProject
Global
	GlobalSection(SolutionConfigurationPlatforms) = preSolution
		Debug|Any CPU = Debug|Any CPU
		Release|Any CPU = Release|Any CPU
	EndGlobalSection
	GlobalSection(ProjectConfigurationPlatforms) = postSolution
		{66FD8EB9-E7D8-4309-9406-A379748E11C9}.Debug|Any CPU.ActiveCfg = Debug|Any CPU
		{66FD8EB9-E7D8-4309-9406-A379748E11C9}.Debug|Any CPU.Build.0 = Debug|Any CPU
		{66FD8EB9-E7D8-4309-9406-A379748E11C9}.Release|Any CPU.ActiveCfg = Release|Any CPU
		{66FD8EB9-E7D8-4309-9406-A379748E11C9}.Release|Any CPU.Build.0 = Release|Any CPU
	EndGlobalSection
	GlobalSection(SolutionProperties) = preSolution
		HideSolutionNode = FALSE
	EndGlobalSection
	GlobalSection(ExtensibilityGlobals) = postSolution
		SolutionGuid = {7A57FBF4-5B35-483D-8503-FE57D06358E0}
	EndGlobalSection
EndGlobal
